
Microsoft Visual Studio Solution File, Format Version 12.00
# Visual Studio 15
VisualStudioVersion = 15.0.28307.960
MinimumVisualStudioVersion = 10.0.40219.1
Project("{FAE04EC0-301F-11D3-BF4B-00C04F79EFBC}") = "OdeToFood", "OdeToFood\OdeToFood.csproj", "{C5E4FAEF-9170-4949-AC85-C07B2E160EDE}"
EndProject
Project("{FAE04EC0-301F-11D3-BF4B-00C04F79EFBC}") = "OdeToFood_Data", "OdeToFood_Data\OdeToFood_Data.csproj", "{CC64485B-B36D-4F20-B757-71EE5A91D56D}"
EndProject
Global
	GlobalSection(SolutionConfigurationPlatforms) = preSolution
		Debug|Any CPU = Debug|Any CPU
		Release|Any CPU = Release|Any CPU
	EndGlobalSection
	GlobalSection(ProjectConfigurationPlatforms) = postSolution
		{C5E4FAEF-9170-4949-AC85-C07B2E160EDE}.Debug|Any CPU.ActiveCfg = Debug|Any CPU
		{C5E4FAEF-9170-4949-AC85-C07B2E160EDE}.Debug|Any CPU.Build.0 = Debug|Any CPU
		{C5E4FAEF-9170-4949-AC85-C07B2E160EDE}.Release|Any CPU.ActiveCfg = Release|Any CPU
		{C5E4FAEF-9170-4949-AC85-C07B2E160EDE}.Release|Any CPU.Build.0 = Release|Any CPU
		{CC64485B-B36D-4F20-B757-71EE5A91D56D}.Debug|Any CPU.ActiveCfg = Debug|Any CPU
		{CC64485B-B36D-4F20-B757-71EE5A91D56D}.Debug|Any CPU.Build.0 = Debug|Any CPU
		{CC64485B-B36D-4F20-B757-71EE5A91D56D}.Release|Any CPU.ActiveCfg = Release|Any CPU
		{CC64485B-B36D-4F20-B757-71EE5A91D56D}.Release|Any CPU.Build.0 = Release|Any CPU
	EndGlobalSection
	GlobalSection(SolutionProperties) = preSolution
		HideSolutionNode = FALSE
	EndGlobalSection
	GlobalSection(ExtensibilityGlobals) = postSolution
		SolutionGuid = {FB6B6EA2-D06A-40BD-9EE6-AA69B25DD431}
	EndGlobalSection
EndGlobal
